
Microsoft Visual Studio Solution File, Format Version 11.00
# Visual Basic Express 2010
Project("{F184B08F-C81C-45F6-A57F-5ABD9991F28F}") = "Problem5", "Problem5\Problem5.vbproj", "{DE1613CA-0A83-46AF-A71E-B0462664F0E6}"
EndProject
Global
	GlobalSection(SolutionConfigurationPlatforms) = preSolution
		Debug|x86 = Debug|x86
		Release|x86 = Release|x86
	EndGlobalSection
	GlobalSection(ProjectConfigurationPlatforms) = postSolution
		{DE1613CA-0A83-46AF-A71E-B0462664F0E6}.Debug|x86.ActiveCfg = Debug|x86
		{DE1613CA-0A83-46AF-A71E-B0462664F0E6}.Debug|x86.Build.0 = Debug|x86
		{DE1613CA-0A83-46AF-A71E-B0462664F0E6}.Release|x86.ActiveCfg = Release|x86
		{DE1613CA-0A83-46AF-A71E-B0462664F0E6}.Release|x86.Build.0 = Release|x86
	EndGlobalSection
	GlobalSection(SolutionProperties) = preSolution
		HideSolutionNode = FALSE
	EndGlobalSection
EndGlobal
