
Microsoft Visual Studio Solution File, Format Version 11.00
# Visual Basic Express 2010
Project("{F184B08F-C81C-45F6-A57F-5ABD9991F28F}") = "Problem3", "Problem3\Problem3.vbproj", "{0928ED6A-E5F2-4F26-AAF0-7F96EEF0D68F}"
EndProject
Global
	GlobalSection(SolutionConfigurationPlatforms) = preSolution
		Debug|x86 = Debug|x86
		Release|x86 = Release|x86
	EndGlobalSection
	GlobalSection(ProjectConfigurationPlatforms) = postSolution
		{0928ED6A-E5F2-4F26-AAF0-7F96EEF0D68F}.Debug|x86.ActiveCfg = Debug|x86
		{0928ED6A-E5F2-4F26-AAF0-7F96EEF0D68F}.Debug|x86.Build.0 = Debug|x86
		{0928ED6A-E5F2-4F26-AAF0-7F96EEF0D68F}.Release|x86.ActiveCfg = Release|x86
		{0928ED6A-E5F2-4F26-AAF0-7F96EEF0D68F}.Release|x86.Build.0 = Release|x86
	EndGlobalSection
	GlobalSection(SolutionProperties) = preSolution
		HideSolutionNode = FALSE
	EndGlobalSection
EndGlobal
