
Microsoft Visual Studio Solution File, Format Version 12.00
# Visual Studio 14
VisualStudioVersion = 14.0.25420.1
MinimumVisualStudioVersion = 10.0.40219.1
Project("{FAE04EC0-301F-11D3-BF4B-00C04F79EFBC}") = "WindowsFormsApplication2", "WindowsFormsApplication2\WindowsFormsApplication2.csproj", "{17D62BB4-C876-4EC9-8B2D-165B9E6DCCCA}"
EndProject
Global
	GlobalSection(SolutionConfigurationPlatforms) = preSolution
		Debug|Any CPU = Debug|Any CPU
		Release|Any CPU = Release|Any CPU
	EndGlobalSection
	GlobalSection(ProjectConfigurationPlatforms) = postSolution
		{17D62BB4-C876-4EC9-8B2D-165B9E6DCCCA}.Debug|Any CPU.ActiveCfg = Debug|Any CPU
		{17D62BB4-C876-4EC9-8B2D-165B9E6DCCCA}.Debug|Any CPU.Build.0 = Debug|Any CPU
		{17D62BB4-C876-4EC9-8B2D-165B9E6DCCCA}.Release|Any CPU.ActiveCfg = Release|Any CPU
		{17D62BB4-C876-4EC9-8B2D-165B9E6DCCCA}.Release|Any CPU.Build.0 = Release|Any CPU
	EndGlobalSection
	GlobalSection(SolutionProperties) = preSolution
		HideSolutionNode = FALSE
	EndGlobalSection
EndGlobal
