
Microsoft Visual Studio Solution File, Format Version 11.00
# Visual Basic Express 2010
Project("{F184B08F-C81C-45F6-A57F-5ABD9991F28F}") = "p42", "p42\p42.vbproj", "{8D9F6E72-E03E-483E-BF40-2CE6239801A8}"
EndProject
Global
	GlobalSection(SolutionConfigurationPlatforms) = preSolution
		Debug|x86 = Debug|x86
		Release|x86 = Release|x86
	EndGlobalSection
	GlobalSection(ProjectConfigurationPlatforms) = postSolution
		{8D9F6E72-E03E-483E-BF40-2CE6239801A8}.Debug|x86.ActiveCfg = Debug|x86
		{8D9F6E72-E03E-483E-BF40-2CE6239801A8}.Debug|x86.Build.0 = Debug|x86
		{8D9F6E72-E03E-483E-BF40-2CE6239801A8}.Release|x86.ActiveCfg = Release|x86
		{8D9F6E72-E03E-483E-BF40-2CE6239801A8}.Release|x86.Build.0 = Release|x86
	EndGlobalSection
	GlobalSection(SolutionProperties) = preSolution
		HideSolutionNode = FALSE
	EndGlobalSection
EndGlobal
