
Microsoft Visual Studio Solution File, Format Version 11.00
# Visual Basic Express 2010
Project("{F184B08F-C81C-45F6-A57F-5ABD9991F28F}") = "p41", "p41\p41.vbproj", "{677FF833-98C7-44D9-8823-EA6881DAEE61}"
EndProject
Global
	GlobalSection(SolutionConfigurationPlatforms) = preSolution
		Debug|x86 = Debug|x86
		Release|x86 = Release|x86
	EndGlobalSection
	GlobalSection(ProjectConfigurationPlatforms) = postSolution
		{677FF833-98C7-44D9-8823-EA6881DAEE61}.Debug|x86.ActiveCfg = Debug|x86
		{677FF833-98C7-44D9-8823-EA6881DAEE61}.Debug|x86.Build.0 = Debug|x86
		{677FF833-98C7-44D9-8823-EA6881DAEE61}.Release|x86.ActiveCfg = Release|x86
		{677FF833-98C7-44D9-8823-EA6881DAEE61}.Release|x86.Build.0 = Release|x86
	EndGlobalSection
	GlobalSection(SolutionProperties) = preSolution
		HideSolutionNode = FALSE
	EndGlobalSection
EndGlobal
